
Microsoft Visual Studio Solution File, Format Version 12.00
# Visual Studio Version 16
VisualStudioVersion = 16.0.31702.278
MinimumVisualStudioVersion = 10.0.40219.1
Project("{FAE04EC0-301F-11D3-BF4B-00C04F79EFBC}") = "SimulHelper", "SimulHelper\SimulHelper.csproj", "{D8E5588B-D35F-4301-9B8B-64DFAA1D1AB3}"
EndProject
Project("{FAE04EC0-301F-11D3-BF4B-00C04F79EFBC}") = "SimulationExample", "SimulationExample\SimulationExample.csproj", "{03B5E9AB-A72B-4736-A2F9-C2048D262172}"
	ProjectSection(ProjectDependencies) = postProject
		{D8E5588B-D35F-4301-9B8B-64DFAA1D1AB3} = {D8E5588B-D35F-4301-9B8B-64DFAA1D1AB3}
	EndProjectSection
EndProject
Global
	GlobalSection(SolutionConfigurationPlatforms) = preSolution
		Debug|Any CPU = Debug|Any CPU
		Release|Any CPU = Release|Any CPU
	EndGlobalSection
	GlobalSection(ProjectConfigurationPlatforms) = postSolution
		{D8E5588B-D35F-4301-9B8B-64DFAA1D1AB3}.Debug|Any CPU.ActiveCfg = Debug|Any CPU
		{D8E5588B-D35F-4301-9B8B-64DFAA1D1AB3}.Debug|Any CPU.Build.0 = Debug|Any CPU
		{D8E5588B-D35F-4301-9B8B-64DFAA1D1AB3}.Release|Any CPU.ActiveCfg = Release|Any CPU
		{D8E5588B-D35F-4301-9B8B-64DFAA1D1AB3}.Release|Any CPU.Build.0 = Release|Any CPU
		{03B5E9AB-A72B-4736-A2F9-C2048D262172}.Debug|Any CPU.ActiveCfg = Debug|Any CPU
		{03B5E9AB-A72B-4736-A2F9-C2048D262172}.Debug|Any CPU.Build.0 = Debug|Any CPU
		{03B5E9AB-A72B-4736-A2F9-C2048D262172}.Release|Any CPU.ActiveCfg = Release|Any CPU
		{03B5E9AB-A72B-4736-A2F9-C2048D262172}.Release|Any CPU.Build.0 = Release|Any CPU
	EndGlobalSection
	GlobalSection(SolutionProperties) = preSolution
		HideSolutionNode = FALSE
	EndGlobalSection
	GlobalSection(ExtensibilityGlobals) = postSolution
		SolutionGuid = {BC76E6E4-2D66-4E39-B8EC-8A6A97FCB5DC}
	EndGlobalSection
EndGlobal
